
Microsoft Visual Studio Solution File, Format Version 12.00
# Visual Studio Version 17
VisualStudioVersion = 17.5.33502.453
MinimumVisualStudioVersion = 10.0.40219.1
Project("{FAE04EC0-301F-11D3-BF4B-00C04F79EFBC}") = "Zad1", "Zad1\Zad1.csproj", "{0CBEA23E-5EE6-4F48-8023-66E64695B24E}"
EndProject
Global
	GlobalSection(SolutionConfigurationPlatforms) = preSolution
		Debug|Any CPU = Debug|Any CPU
		Release|Any CPU = Release|Any CPU
	EndGlobalSection
	GlobalSection(ProjectConfigurationPlatforms) = postSolution
		{0CBEA23E-5EE6-4F48-8023-66E64695B24E}.Debug|Any CPU.ActiveCfg = Debug|Any CPU
		{0CBEA23E-5EE6-4F48-8023-66E64695B24E}.Debug|Any CPU.Build.0 = Debug|Any CPU
		{0CBEA23E-5EE6-4F48-8023-66E64695B24E}.Release|Any CPU.ActiveCfg = Release|Any CPU
		{0CBEA23E-5EE6-4F48-8023-66E64695B24E}.Release|Any CPU.Build.0 = Release|Any CPU
	EndGlobalSection
	GlobalSection(SolutionProperties) = preSolution
		HideSolutionNode = FALSE
	EndGlobalSection
	GlobalSection(ExtensibilityGlobals) = postSolution
		SolutionGuid = {857AD0A1-99DC-40C1-9C6F-D5ADBEDA6EC2}
	EndGlobalSection
EndGlobal
